
Microsoft Visual Studio Solution File, Format Version 12.00
# Visual Studio Version 17
VisualStudioVersion = 17.3.32819.101
MinimumVisualStudioVersion = 10.0.40219.1
Project("{8BC9CEB8-8B4A-11D0-8D11-00A0C91BC942}") = "4_break", "4_break\4_break.vcxproj", "{50E3D632-EEA1-4D13-899A-F3E1114B6290}"
EndProject
Global
	GlobalSection(SolutionConfigurationPlatforms) = preSolution
		Debug|x64 = Debug|x64
		Debug|x86 = Debug|x86
		Release|x64 = Release|x64
		Release|x86 = Release|x86
	EndGlobalSection
	GlobalSection(ProjectConfigurationPlatforms) = postSolution
		{50E3D632-EEA1-4D13-899A-F3E1114B6290}.Debug|x64.ActiveCfg = Debug|x64
		{50E3D632-EEA1-4D13-899A-F3E1114B6290}.Debug|x64.Build.0 = Debug|x64
		{50E3D632-EEA1-4D13-899A-F3E1114B6290}.Debug|x86.ActiveCfg = Debug|Win32
		{50E3D632-EEA1-4D13-899A-F3E1114B6290}.Debug|x86.Build.0 = Debug|Win32
		{50E3D632-EEA1-4D13-899A-F3E1114B6290}.Release|x64.ActiveCfg = Release|x64
		{50E3D632-EEA1-4D13-899A-F3E1114B6290}.Release|x64.Build.0 = Release|x64
		{50E3D632-EEA1-4D13-899A-F3E1114B6290}.Release|x86.ActiveCfg = Release|Win32
		{50E3D632-EEA1-4D13-899A-F3E1114B6290}.Release|x86.Build.0 = Release|Win32
	EndGlobalSection
	GlobalSection(SolutionProperties) = preSolution
		HideSolutionNode = FALSE
	EndGlobalSection
	GlobalSection(ExtensibilityGlobals) = postSolution
		SolutionGuid = {AF5EC07D-4C0D-45ED-A6DD-7F55D813D6DB}
	EndGlobalSection
EndGlobal
