
Microsoft Visual Studio Solution File, Format Version 12.00
# Visual Studio Version 17
VisualStudioVersion = 17.3.32819.101
MinimumVisualStudioVersion = 10.0.40219.1
Project("{8BC9CEB8-8B4A-11D0-8D11-00A0C91BC942}") = "2_step", "2_step\2_step.vcxproj", "{A94F7DDF-E12C-4633-9100-2884C076DE40}"
EndProject
Global
	GlobalSection(SolutionConfigurationPlatforms) = preSolution
		Debug|x64 = Debug|x64
		Debug|x86 = Debug|x86
		Release|x64 = Release|x64
		Release|x86 = Release|x86
	EndGlobalSection
	GlobalSection(ProjectConfigurationPlatforms) = postSolution
		{A94F7DDF-E12C-4633-9100-2884C076DE40}.Debug|x64.ActiveCfg = Debug|x64
		{A94F7DDF-E12C-4633-9100-2884C076DE40}.Debug|x64.Build.0 = Debug|x64
		{A94F7DDF-E12C-4633-9100-2884C076DE40}.Debug|x86.ActiveCfg = Debug|Win32
		{A94F7DDF-E12C-4633-9100-2884C076DE40}.Debug|x86.Build.0 = Debug|Win32
		{A94F7DDF-E12C-4633-9100-2884C076DE40}.Release|x64.ActiveCfg = Release|x64
		{A94F7DDF-E12C-4633-9100-2884C076DE40}.Release|x64.Build.0 = Release|x64
		{A94F7DDF-E12C-4633-9100-2884C076DE40}.Release|x86.ActiveCfg = Release|Win32
		{A94F7DDF-E12C-4633-9100-2884C076DE40}.Release|x86.Build.0 = Release|Win32
	EndGlobalSection
	GlobalSection(SolutionProperties) = preSolution
		HideSolutionNode = FALSE
	EndGlobalSection
	GlobalSection(ExtensibilityGlobals) = postSolution
		SolutionGuid = {901004A4-A031-4467-B8FF-24454D896C79}
	EndGlobalSection
EndGlobal
