
Microsoft Visual Studio Solution File, Format Version 12.00
# Visual Studio Version 17
VisualStudioVersion = 17.3.32819.101
MinimumVisualStudioVersion = 10.0.40219.1
Project("{8BC9CEB8-8B4A-11D0-8D11-00A0C91BC942}") = "1_arithmetic", "1_arithmetic\1_arithmetic.vcxproj", "{56FFAEF0-25DB-40FF-9797-B9A4F0C737FF}"
EndProject
Global
	GlobalSection(SolutionConfigurationPlatforms) = preSolution
		Debug|x64 = Debug|x64
		Debug|x86 = Debug|x86
		Release|x64 = Release|x64
		Release|x86 = Release|x86
	EndGlobalSection
	GlobalSection(ProjectConfigurationPlatforms) = postSolution
		{56FFAEF0-25DB-40FF-9797-B9A4F0C737FF}.Debug|x64.ActiveCfg = Debug|x64
		{56FFAEF0-25DB-40FF-9797-B9A4F0C737FF}.Debug|x64.Build.0 = Debug|x64
		{56FFAEF0-25DB-40FF-9797-B9A4F0C737FF}.Debug|x86.ActiveCfg = Debug|Win32
		{56FFAEF0-25DB-40FF-9797-B9A4F0C737FF}.Debug|x86.Build.0 = Debug|Win32
		{56FFAEF0-25DB-40FF-9797-B9A4F0C737FF}.Release|x64.ActiveCfg = Release|x64
		{56FFAEF0-25DB-40FF-9797-B9A4F0C737FF}.Release|x64.Build.0 = Release|x64
		{56FFAEF0-25DB-40FF-9797-B9A4F0C737FF}.Release|x86.ActiveCfg = Release|Win32
		{56FFAEF0-25DB-40FF-9797-B9A4F0C737FF}.Release|x86.Build.0 = Release|Win32
	EndGlobalSection
	GlobalSection(SolutionProperties) = preSolution
		HideSolutionNode = FALSE
	EndGlobalSection
	GlobalSection(ExtensibilityGlobals) = postSolution
		SolutionGuid = {28EC712C-3E0B-49D2-AAF5-DA2378D3AFE9}
	EndGlobalSection
EndGlobal
