
Microsoft Visual Studio Solution File, Format Version 12.00
# Visual Studio Version 17
VisualStudioVersion = 17.3.32819.101
MinimumVisualStudioVersion = 10.0.40219.1
Project("{8BC9CEB8-8B4A-11D0-8D11-00A0C91BC942}") = "1_Access_out_of_bounds", "1_Access_out_of_bounds\1_Access_out_of_bounds.vcxproj", "{4DA18303-A542-47F6-9E8C-0EAACA43EBDA}"
EndProject
Global
	GlobalSection(SolutionConfigurationPlatforms) = preSolution
		Debug|x64 = Debug|x64
		Debug|x86 = Debug|x86
		Release|x64 = Release|x64
		Release|x86 = Release|x86
	EndGlobalSection
	GlobalSection(ProjectConfigurationPlatforms) = postSolution
		{4DA18303-A542-47F6-9E8C-0EAACA43EBDA}.Debug|x64.ActiveCfg = Debug|x64
		{4DA18303-A542-47F6-9E8C-0EAACA43EBDA}.Debug|x64.Build.0 = Debug|x64
		{4DA18303-A542-47F6-9E8C-0EAACA43EBDA}.Debug|x86.ActiveCfg = Debug|Win32
		{4DA18303-A542-47F6-9E8C-0EAACA43EBDA}.Debug|x86.Build.0 = Debug|Win32
		{4DA18303-A542-47F6-9E8C-0EAACA43EBDA}.Release|x64.ActiveCfg = Release|x64
		{4DA18303-A542-47F6-9E8C-0EAACA43EBDA}.Release|x64.Build.0 = Release|x64
		{4DA18303-A542-47F6-9E8C-0EAACA43EBDA}.Release|x86.ActiveCfg = Release|Win32
		{4DA18303-A542-47F6-9E8C-0EAACA43EBDA}.Release|x86.Build.0 = Release|Win32
	EndGlobalSection
	GlobalSection(SolutionProperties) = preSolution
		HideSolutionNode = FALSE
	EndGlobalSection
	GlobalSection(ExtensibilityGlobals) = postSolution
		SolutionGuid = {09E57C6F-5917-4B8B-9904-AF78C6F5950B}
	EndGlobalSection
EndGlobal
