
Microsoft Visual Studio Solution File, Format Version 12.00
# Visual Studio Version 17
VisualStudioVersion = 17.3.32819.101
MinimumVisualStudioVersion = 10.0.40219.1
Project("{8BC9CEB8-8B4A-11D0-8D11-00A0C91BC942}") = "test_9_5", "test_9_5\test_9_5.vcxproj", "{23C95C95-6A21-4405-BE38-ED86CF4F5B81}"
EndProject
Global
	GlobalSection(SolutionConfigurationPlatforms) = preSolution
		Debug|x64 = Debug|x64
		Debug|x86 = Debug|x86
		Release|x64 = Release|x64
		Release|x86 = Release|x86
	EndGlobalSection
	GlobalSection(ProjectConfigurationPlatforms) = postSolution
		{23C95C95-6A21-4405-BE38-ED86CF4F5B81}.Debug|x64.ActiveCfg = Debug|x64
		{23C95C95-6A21-4405-BE38-ED86CF4F5B81}.Debug|x64.Build.0 = Debug|x64
		{23C95C95-6A21-4405-BE38-ED86CF4F5B81}.Debug|x86.ActiveCfg = Debug|Win32
		{23C95C95-6A21-4405-BE38-ED86CF4F5B81}.Debug|x86.Build.0 = Debug|Win32
		{23C95C95-6A21-4405-BE38-ED86CF4F5B81}.Release|x64.ActiveCfg = Release|x64
		{23C95C95-6A21-4405-BE38-ED86CF4F5B81}.Release|x64.Build.0 = Release|x64
		{23C95C95-6A21-4405-BE38-ED86CF4F5B81}.Release|x86.ActiveCfg = Release|Win32
		{23C95C95-6A21-4405-BE38-ED86CF4F5B81}.Release|x86.Build.0 = Release|Win32
	EndGlobalSection
	GlobalSection(SolutionProperties) = preSolution
		HideSolutionNode = FALSE
	EndGlobalSection
	GlobalSection(ExtensibilityGlobals) = postSolution
		SolutionGuid = {6A0CA90E-EFDF-4B6E-A395-9950A8731286}
	EndGlobalSection
EndGlobal
