
Microsoft Visual Studio Solution File, Format Version 12.00
# Visual Studio Version 17
VisualStudioVersion = 17.3.32819.101
MinimumVisualStudioVersion = 10.0.40219.1
Project("{8BC9CEB8-8B4A-11D0-8D11-00A0C91BC942}") = "1_change", "1_change\1_change.vcxproj", "{D0290AE1-30A3-4964-8DDE-49929575D9C9}"
EndProject
Global
	GlobalSection(SolutionConfigurationPlatforms) = preSolution
		Debug|x64 = Debug|x64
		Debug|x86 = Debug|x86
		Release|x64 = Release|x64
		Release|x86 = Release|x86
	EndGlobalSection
	GlobalSection(ProjectConfigurationPlatforms) = postSolution
		{D0290AE1-30A3-4964-8DDE-49929575D9C9}.Debug|x64.ActiveCfg = Debug|x64
		{D0290AE1-30A3-4964-8DDE-49929575D9C9}.Debug|x64.Build.0 = Debug|x64
		{D0290AE1-30A3-4964-8DDE-49929575D9C9}.Debug|x86.ActiveCfg = Debug|Win32
		{D0290AE1-30A3-4964-8DDE-49929575D9C9}.Debug|x86.Build.0 = Debug|Win32
		{D0290AE1-30A3-4964-8DDE-49929575D9C9}.Release|x64.ActiveCfg = Release|x64
		{D0290AE1-30A3-4964-8DDE-49929575D9C9}.Release|x64.Build.0 = Release|x64
		{D0290AE1-30A3-4964-8DDE-49929575D9C9}.Release|x86.ActiveCfg = Release|Win32
		{D0290AE1-30A3-4964-8DDE-49929575D9C9}.Release|x86.Build.0 = Release|Win32
	EndGlobalSection
	GlobalSection(SolutionProperties) = preSolution
		HideSolutionNode = FALSE
	EndGlobalSection
	GlobalSection(ExtensibilityGlobals) = postSolution
		SolutionGuid = {79CD4AFB-0F07-42E0-9721-453F972C9119}
	EndGlobalSection
EndGlobal
